{
  "originHash" : "15db127e77ad89292a55a2093872d8751882a8c637b7ed37fdb72f46c8bcea33",
  "pins" : [
    {
      "identity" : "capture-ios",
      "kind" : "remoteSourceControl",
      "location" : "https://github.com/bitdriftlabs/capture-ios",
      "state" : {
        "revision" : "440769e38a0636c3ae0d127c264f92a0b25a3e4a",
        "version" : "0.22.13"
      }
    },
    {
      "identity" : "cocoalumberjack",
      "kind" : "remoteSourceControl",
      "location" : "https://github.com/CocoaLumberjack/CocoaLumberjack.git",
      "state" : {
        "revision" : "a9ed4b6f9bdedce7d77046f43adfb8ce1fd54114",
        "version" : "3.9.0"
      }
    },
    {
      "identity" : "fradioplayer",
      "kind" : "remoteSourceControl",
      "location" : "https://github.com/fethica/FRadioPlayer.git",
      "state" : {
        "branch" : "v0.2.0",
        "revision" : "c3f472ed8cb59b442312362bca363863962c88b3"
      }
    },
    {
      "identity" : "luciq-ios-sdk",
      "kind" : "remoteSourceControl",
      "location" : "https://github.com/luciqai/luciq-ios-sdk",
      "state" : {
        "revision" : "6d8b21ef2ba323ff4cb31d929bcfb2c25c2f6d3b",
        "version" : "19.8.1"
      }
    },
    {
      "identity" : "nvactivityindicatorview",
      "kind" : "remoteSourceControl",
      "location" : "https://github.com/ninjaprox/NVActivityIndicatorView.git",
      "state" : {
        "revision" : "121455c4e630fcb95aaefd7e4257b0c2e3cfe6d5",
        "version" : "5.2.0"
      }
    },
    {
      "identity" : "spring",
      "kind" : "remoteSourceControl",
      "location" : "https://github.com/fethica/Spring.git",
      "state" : {
        "branch" : "master",
        "revision" : "63d6b2b4339606181617caddea3a988aa65bcadd"
      }
    },
    {
      "identity" : "swift-log",
      "kind" : "remoteSourceControl",
      "location" : "https://github.com/apple/swift-log",
      "state" : {
        "revision" : "bbd81b6725ae874c69e9b8c8804d462356b55523",
        "version" : "1.10.1"
      }
    },
    {
      "identity" : "swiftybeaver",
      "kind" : "remoteSourceControl",
      "location" : "https://github.com/SwiftyBeaver/SwiftyBeaver.git",
      "state" : {
        "revision" : "8cba041db09596183331d123f337d0eb2e6e8e91",
        "version" : "2.1.1"
      }
    }
  ],
  "version" : 3
}
